// !$*UTF8*$!
{
	archiveVersion = 1;
	classes = {
	};
	objectVersion = 46;
	objects = {

/* Begin PBXBuildFile section */
		4EF23B361E52EE2F000DF4E2 /* main.m in Sources */ = {isa = PBXBuildFile; fileRef = 4EF23B351E52EE2F000DF4E2 /* main.m */; };
		4EF23B391E52EE2F000DF4E2 /* AppDelegate.m in Sources */ = {isa = PBXBuildFile; fileRef = 4EF23B381E52EE2F000DF4E2 /* AppDelegate.m */; };
		4EF23B3C1E52EE2F000DF4E2 /* ViewController.m in Sources */ = {isa = PBXBuildFile; fileRef = 4EF23B3B1E52EE2F000DF4E2 /* ViewController.m */; };
		4EF23B3F1E52EE2F000DF4E2 /* Main.storyboard in Resources */ = {isa = PBXBuildFile; fileRef = 4EF23B3D1E52EE2F000DF4E2 /* Main.storyboard */; };
		4EF23B411E52EE2F000DF4E2 /* Assets.xcassets in Resources */ = {isa = PBXBuildFile; fileRef = 4EF23B401E52EE2F000DF4E2 /* Assets.xcassets */; };
		4EF23B441E52EE2F000DF4E2 /* LaunchScreen.storyboard in Resources */ = {isa = PBXBuildFile; fileRef = 4EF23B421E52EE2F000DF4E2 /* LaunchScreen.storyboard */; };
		4EF23B4F1E52EE30000DF4E2 /* ZZChartTests.m in Sources */ = {isa = PBXBuildFile; fileRef = 4EF23B4E1E52EE30000DF4E2 /* ZZChartTests.m */; };
		4EF23B5A1E52EE30000DF4E2 /* ZZChartUITests.m in Sources */ = {isa = PBXBuildFile; fileRef = 4EF23B591E52EE30000DF4E2 /* ZZChartUITests.m */; };
/* End PBXBuildFile section */

/* Begin PBXContainerItemProxy section */
		4EF23B4B1E52EE30000DF4E2 /* PBXContainerItemProxy */ = {
			isa = PBXContainerItemProxy;
			containerPortal = 4EF23B291E52EE2F000DF4E2 /* Project object */;
			proxyType = 1;
			remoteGlobalIDString = 4EF23B301E52EE2F000DF4E2;
			remoteInfo = ZZChart;
		};
		4EF23B561E52EE30000DF4E2 /* PBXContainerItemProxy */ = {
			isa = PBXContainerItemProxy;
			containerPortal = 4EF23B291E52EE2F000DF4E2 /* Project object */;
			proxyType = 1;
			remoteGlobalIDString = 4EF23B301E52EE2F000DF4E2;
			remoteInfo = ZZChart;
		};
/* End PBXContainerItemProxy section */

/* Begin PBXFileReference section */
		4EF23B311E52EE2F000DF4E2 /* ZZChart.app */ = {isa = PBXFileReference; explicitFileType = wrapper.application; includeInIndex = 0; path = ZZChart.app; sourceTree = BUILT_PRODUCTS_DIR; };
		4EF23B351E52EE2F000DF4E2 /* main.m */ = {isa = PBXFileReference; lastKnownFileType = sourcecode.c.objc; path = main.m; sourceTree = "<group>"; };
		4EF23B371E52EE2F000DF4E2 /* AppDelegate.h */ = {isa = PBXFileReference; lastKnownFileType = sourcecode.c.h; path = AppDelegate.h; sourceTree = "<group>"; };
		4EF23B381E52EE2F000DF4E2 /* AppDelegate.m */ = {isa = PBXFileReference; lastKnownFileType = sourcecode.c.objc; path = AppDelegate.m; sourceTree = "<group>"; };
		4EF23B3A1E52EE2F000DF4E2 /* ViewController.h */ = {isa = PBXFileReference; lastKnownFileType = sourcecode.c.h; path = ViewController.h; sourceTree = "<group>"; };
		4EF23B3B1E52EE2F000DF4E2 /* ViewController.m */ = {isa = PBXFileReference; lastKnownFileType = sourcecode.c.objc; path = ViewController.m; sourceTree = "<group>"; };
		4EF23B3E1E52EE2F000DF4E2 /* Base */ = {isa = PBXFileReference; lastKnownFileType = file.storyboard; name = Base; path = Base.lproj/Main.storyboard; sourceTree = "<group>"; };
		4EF23B401E52EE2F000DF4E2 /* Assets.xcassets */ = {isa = PBXFileReference; lastKnownFileType = folder.assetcatalog; path = Assets.xcassets; sourceTree = "<group>"; };
		4EF23B431E52EE2F000DF4E2 /* Base */ = {isa = PBXFileReference; lastKnownFileType = file.storyboard; name = Base; path = Base.lproj/LaunchScreen.storyboard; sourceTree = "<group>"; };
		4EF23B451E52EE2F000DF4E2 /* Info.plist */ = {isa = PBXFileReference; lastKnownFileType = text.plist.xml; path = Info.plist; sourceTree = "<group>"; };
		4EF23B4A1E52EE30000DF4E2 /* ZZChartTests.xctest */ = {isa = PBXFileReference; explicitFileType = wrapper.cfbundle; includeInIndex = 0; path = ZZChartTests.xctest; sourceTree = BUILT_PRODUCTS_DIR; };
		4EF23B4E1E52EE30000DF4E2 /* ZZChartTests.m */ = {isa = PBXFileReference; lastKnownFileType = sourcecode.c.objc; path = ZZChartTests.m; sourceTree = "<group>"; };
		4EF23B501E52EE30000DF4E2 /* Info.plist */ = {isa = PBXFileReference; lastKnownFileType = text.plist.xml; path = Info.plist; sourceTree = "<group>"; };
		4EF23B551E52EE30000DF4E2 /* ZZChartUITests.xctest */ = {isa = PBXFileReference; explicitFileType = wrapper.cfbundle; includeInIndex = 0; path = ZZChartUITests.xctest; sourceTree = BUILT_PRODUCTS_DIR; };
		4EF23B591E52EE30000DF4E2 /* ZZChartUITests.m */ = {isa = PBXFileReference; lastKnownFileType = sourcecode.c.objc; path = ZZChartUITests.m; sourceTree = "<group>"; };
		4EF23B5B1E52EE30000DF4E2 /* Info.plist */ = {isa = PBXFileReference; lastKnownFileType = text.plist.xml; path = Info.plist; sourceTree = "<group>"; };
/* End PBXFileReference section */

/* Begin PBXFrameworksBuildPhase section */
		4EF23B2E1E52EE2F000DF4E2 /* Frameworks */ = {
			isa = PBXFrameworksBuildPhase;
			buildActionMask = 2147483647;
			files = (
			);
			runOnlyForDeploymentPostprocessing = 0;
		};
		4EF23B471E52EE30000DF4E2 /* Frameworks */ = {
			isa = PBXFrameworksBuildPhase;
			buildActionMask = 2147483647;
			files = (
			);
			runOnlyForDeploymentPostprocessing = 0;
		};
		4EF23B521E52EE30000DF4E2 /* Frameworks */ = {
			isa = PBXFrameworksBuildPhase;
			buildActionMask = 2147483647;
			files = (
			);
			runOnlyForDeploymentPostprocessing = 0;
		};
/* End PBXFrameworksBuildPhase section */

/* Begin PBXGroup section */
		4EF23B281E52EE2F000DF4E2 = {
			isa = PBXGroup;
			children = (
				4EF23B331E52EE2F000DF4E2 /* ZZChart */,
				4EF23B4D1E52EE30000DF4E2 /* ZZChartTests */,
				4EF23B581E52EE30000DF4E2 /* ZZChartUITests */,
				4EF23B321E52EE2F000DF4E2 /* Products */,
			);
			sourceTree = "<group>";
		};
		4EF23B321E52EE2F000DF4E2 /* Products */ = {
			isa = PBXGroup;
			children = (
				4EF23B311E52EE2F000DF4E2 /* ZZChart.app */,
				4EF23B4A1E52EE30000DF4E2 /* ZZChartTests.xctest */,
				4EF23B551E52EE30000DF4E2 /* ZZChartUITests.xctest */,
			);
			name = Products;
			sourceTree = "<group>";
		};
		4EF23B331E52EE2F000DF4E2 /* ZZChart */ = {
			isa = PBXGroup;
			children = (
				4EF23B371E52EE2F000DF4E2 /* AppDelegate.h */,
				4EF23B381E52EE2F000DF4E2 /* AppDelegate.m */,
				4EF23B3A1E52EE2F000DF4E2 /* ViewController.h */,
				4EF23B3B1E52EE2F000DF4E2 /* ViewController.m */,
				4EF23B3D1E52EE2F000DF4E2 /* Main.storyboard */,
				4EF23B401E52EE2F000DF4E2 /* Assets.xcassets */,
				4EF23B421E52EE2F000DF4E2 /* LaunchScreen.storyboard */,
				4EF23B451E52EE2F000DF4E2 /* Info.plist */,
				4EF23B341E52EE2F000DF4E2 /* Supporting Files */,
			);
			path = ZZChart;
			sourceTree = "<group>";
		};
		4EF23B341E52EE2F000DF4E2 /* Supporting Files */ = {
			isa = PBXGroup;
			children = (
				4EF23B351E52EE2F000DF4E2 /* main.m */,
			);
			name = "Supporting Files";
			sourceTree = "<group>";
		};
		4EF23B4D1E52EE30000DF4E2 /* ZZChartTests */ = {
			isa = PBXGroup;
			children = (
				4EF23B4E1E52EE30000DF4E2 /* ZZChartTests.m */,
				4EF23B501E52EE30000DF4E2 /* Info.plist */,
			);
			path = ZZChartTests;
			sourceTree = "<group>";
		};
		4EF23B581E52EE30000DF4E2 /* ZZChartUITests */ = {
			isa = PBXGroup;
			children = (
				4EF23B591E52EE30000DF4E2 /* ZZChartUITests.m */,
				4EF23B5B1E52EE30000DF4E2 /* Info.plist */,
			);
			path = ZZChartUITests;
			sourceTree = "<group>";
		};
/* End PBXGroup section */

/* Begin PBXNativeTarget section */
		4EF23B301E52EE2F000DF4E2 /* ZZChart */ = {
			isa = PBXNativeTarget;
			buildConfigurationList = 4EF23B5E1E52EE30000DF4E2 /* Build configuration list for PBXNativeTarget "ZZChart" */;
			buildPhases = (
				4EF23B2D1E52EE2F000DF4E2 /* Sources */,
				4EF23B2E1E52EE2F000DF4E2 /* Frameworks */,
				4EF23B2F1E52EE2F000DF4E2 /* Resources */,
			);
			buildRules = (
			);
			dependencies = (
			);
			name = ZZChart;
			productName = ZZChart;
			productReference = 4EF23B311E52EE2F000DF4E2 /* ZZChart.app */;
			productType = "com.apple.product-type.application";
		};
		4EF23B491E52EE30000DF4E2 /* ZZChartTests */ = {
			isa = PBXNativeTarget;
			buildConfigurationList = 4EF23B611E52EE30000DF4E2 /* Build configuration list for PBXNativeTarget "ZZChartTests" */;
			buildPhases = (
				4EF23B461E52EE30000DF4E2 /* Sources */,
				4EF23B471E52EE30000DF4E2 /* Frameworks */,
				4EF23B481E52EE30000DF4E2 /* Resources */,
			);
			buildRules = (
			);
			dependencies = (
				4EF23B4C1E52EE30000DF4E2 /* PBXTargetDependency */,
			);
			name = ZZChartTests;
			productName = ZZChartTests;
			productReference = 4EF23B4A1E52EE30000DF4E2 /* ZZChartTests.xctest */;
			productType = "com.apple.product-type.bundle.unit-test";
		};
		4EF23B541E52EE30000DF4E2 /* ZZChartUITests */ = {
			isa = PBXNativeTarget;
			buildConfigurationList = 4EF23B641E52EE30000DF4E2 /* Build configuration list for PBXNativeTarget "ZZChartUITests" */;
			buildPhases = (
				4EF23B511E52EE30000DF4E2 /* Sources */,
				4EF23B521E52EE30000DF4E2 /* Frameworks */,
				4EF23B531E52EE30000DF4E2 /* Resources */,
			);
			buildRules = (
			);
			dependencies = (
				4EF23B571E52EE30000DF4E2 /* PBXTargetDependency */,
			);
			name = ZZChartUITests;
			productName = ZZChartUITests;
			productReference = 4EF23B551E52EE30000DF4E2 /* ZZChartUITests.xctest */;
			productType = "com.apple.product-type.bundle.ui-testing";
		};
/* End PBXNativeTarget section */

/* Begin PBXProject section */
		4EF23B291E52EE2F000DF4E2 /* Project object */ = {
			isa = PBXProject;
			attributes = {
				LastUpgradeCheck = 0810;
				ORGANIZATIONNAME = JZZ;
				TargetAttributes = {
					4EF23B301E52EE2F000DF4E2 = {
						CreatedOnToolsVersion = 8.1;
						ProvisioningStyle = Automatic;
					};
					4EF23B491E52EE30000DF4E2 = {
						CreatedOnToolsVersion = 8.1;
						ProvisioningStyle = Automatic;
						TestTargetID = 4EF23B301E52EE2F000DF4E2;
					};
					4EF23B541E52EE30000DF4E2 = {
						CreatedOnToolsVersion = 8.1;
						ProvisioningStyle = Automatic;
						TestTargetID = 4EF23B301E52EE2F000DF4E2;
					};
				};
			};
			buildConfigurationList = 4EF23B2C1E52EE2F000DF4E2 /* Build configuration list for PBXProject "ZZChart" */;
			compatibilityVersion = "Xcode 3.2";
			developmentRegion = English;
			hasScannedForEncodings = 0;
			knownRegions = (
				en,
				Base,
			);
			mainGroup = 4EF23B281E52EE2F000DF4E2;
			productRefGroup = 4EF23B321E52EE2F000DF4E2 /* Products */;
			projectDirPath = "";
			projectRoot = "";
			targets = (
				4EF23B301E52EE2F000DF4E2 /* ZZChart */,
				4EF23B491E52EE30000DF4E2 /* ZZChartTests */,
				4EF23B541E52EE30000DF4E2 /* ZZChartUITests */,
			);
		};
/* End PBXProject section */

/* Begin PBXResourcesBuildPhase section */
		4EF23B2F1E52EE2F000DF4E2 /* Resources */ = {
			isa = PBXResourcesBuildPhase;
			buildActionMask = 2147483647;
			files = (
				4EF23B441E52EE2F000DF4E2 /* LaunchScreen.storyboard in Resources */,
				4EF23B411E52EE2F000DF4E2 /* Assets.xcassets in Resources */,
				4EF23B3F1E52EE2F000DF4E2 /* Main.storyboard in Resources */,
			);
			runOnlyForDeploymentPostprocessing = 0;
		};
		4EF23B481E52EE30000DF4E2 /* Resources */ = {
			isa = PBXResourcesBuildPhase;
			buildActionMask = 2147483647;
			files = (
			);
			runOnlyForDeploymentPostprocessing = 0;
		};
		4EF23B531E52EE30000DF4E2 /* Resources */ = {
			isa = PBXResourcesBuildPhase;
			buildActionMask = 2147483647;
			files = (
			);
			runOnlyForDeploymentPostprocessing = 0;
		};
/* End PBXResourcesBuildPhase section */

/* Begin PBXSourcesBuildPhase section */
		4EF23B2D1E52EE2F000DF4E2 /* Sources */ = {
			isa = PBXSourcesBuildPhase;
			buildActionMask = 2147483647;
			files = (
				4EF23B3C1E52EE2F000DF4E2 /* ViewController.m in Sources */,
				4EF23B391E52EE2F000DF4E2 /* AppDelegate.m in Sources */,
				4EF23B361E52EE2F000DF4E2 /* main.m in Sources */,
			);
			runOnlyForDeploymentPostprocessing = 0;
		};
		4EF23B461E52EE30000DF4E2 /* Sources */ = {
			isa = PBXSourcesBuildPhase;
			buildActionMask = 2147483647;
			files = (
				4EF23B4F1E52EE30000DF4E2 /* ZZChartTests.m in Sources */,
			);
			runOnlyForDeploymentPostprocessing = 0;
		};
		4EF23B511E52EE30000DF4E2 /* Sources */ = {
			isa = PBXSourcesBuildPhase;
			buildActionMask = 2147483647;
			files = (
				4EF23B5A1E52EE30000DF4E2 /* ZZChartUITests.m in Sources */,
			);
			runOnlyForDeploymentPostprocessing = 0;
		};
/* End PBXSourcesBuildPhase section */

/* Begin PBXTargetDependency section */
		4EF23B4C1E52EE30000DF4E2 /* PBXTargetDependency */ = {
			isa = PBXTargetDependency;
			target = 4EF23B301E52EE2F000DF4E2 /* ZZChart */;
			targetProxy = 4EF23B4B1E52EE30000DF4E2 /* PBXContainerItemProxy */;
		};
		4EF23B571E52EE30000DF4E2 /* PBXTargetDependency */ = {
			isa = PBXTargetDependency;
			target = 4EF23B301E52EE2F000DF4E2 /* ZZChart */;
			targetProxy = 4EF23B561E52EE30000DF4E2 /* PBXContainerItemProxy */;
		};
/* End PBXTargetDependency section */

/* Begin PBXVariantGroup section */
		4EF23B3D1E52EE2F000DF4E2 /* Main.storyboard */ = {
			isa = PBXVariantGroup;
			children = (
				4EF23B3E1E52EE2F000DF4E2 /* Base */,
			);
			name = Main.storyboard;
			sourceTree = "<group>";
		};
		4EF23B421E52EE2F000DF4E2 /* LaunchScreen.storyboard */ = {
			isa = PBXVariantGroup;
			children = (
				4EF23B431E52EE2F000DF4E2 /* Base */,
			);
			name = LaunchScreen.storyboard;
			sourceTree = "<group>";
		};
/* End PBXVariantGroup section */

/* Begin XCBuildConfiguration section */
		4EF23B5C1E52EE30000DF4E2 /* Debug */ = {
			isa = XCBuildConfiguration;
			buildSettings = {
				ALWAYS_SEARCH_USER_PATHS = NO;
				CLANG_ANALYZER_NONNULL = YES;
				CLANG_CXX_LANGUAGE_STANDARD = "gnu++0x";
				CLANG_CXX_LIBRARY = "libc++";
				CLANG_ENABLE_MODULES = YES;
				CLANG_ENABLE_OBJC_ARC = YES;
				CLANG_WARN_BOOL_CONVERSION = YES;
				CLANG_WARN_CONSTANT_CONVERSION = YES;
				CLANG_WARN_DIRECT_OBJC_ISA_USAGE = YES_ERROR;
				CLANG_WARN_DOCUMENTATION_COMMENTS = YES;
				CLANG_WARN_EMPTY_BODY = YES;
				CLANG_WARN_ENUM_CONVERSION = YES;
				CLANG_WARN_INFINITE_RECURSION = YES;
				CLANG_WARN_INT_CONVERSION = YES;
				CLANG_WARN_OBJC_ROOT_CLASS = YES_ERROR;
				CLANG_WARN_SUSPICIOUS_MOVES = YES;
				CLANG_WARN_UNREACHABLE_CODE = YES;
				CLANG_WARN__DUPLICATE_METHOD_MATCH = YES;
				"CODE_SIGN_IDENTITY[sdk=iphoneos*]" = "iPhone Developer";
				COPY_PHASE_STRIP = NO;
				DEBUG_INFORMATION_FORMAT = dwarf;
				ENABLE_STRICT_OBJC_MSGSEND = YES;
				ENABLE_TESTABILITY = YES;
				GCC_C_LANGUAGE_STANDARD = gnu99;
				GCC_DYNAMIC_NO_PIC = NO;
				GCC_NO_COMMON_BLOCKS = YES;
				GCC_OPTIMIZATION_LEVEL = 0;
				GCC_PREPROCESSOR_DEFINITIONS = (
					"DEBUG=1",
					"$(inherited)",
				);
				GCC_WARN_64_TO_32_BIT_CONVERSION = YES;
				GCC_WARN_ABOUT_RETURN_TYPE = YES_ERROR;
				GCC_WARN_UNDECLARED_SELECTOR = YES;
				GCC_WARN_UNINITIALIZED_AUTOS = YES_AGGRESSIVE;
				GCC_WARN_UNUSED_FUNCTION = YES;
				GCC_WARN_UNUSED_VARIABLE = YES;
				IPHONEOS_DEPLOYMENT_TARGET = 10.1;
				MTL_ENABLE_DEBUG_INFO = YES;
				ONLY_ACTIVE_ARCH = YES;
				SDKROOT = iphoneos;
			};
			name = Debug;
		};
		4EF23B5D1E52EE30000DF4E2 /* Release */ = {
			isa = XCBuildConfiguration;
			buildSettings = {
				ALWAYS_SEARCH_USER_PATHS = NO;
				CLANG_ANALYZER_NONNULL = YES;
				CLANG_CXX_LANGUAGE_STANDARD = "gnu++0x";
				CLANG_CXX_LIBRARY = "libc++";
				CLANG_ENABLE_MODULES = YES;
				CLANG_ENABLE_OBJC_ARC = YES;
				CLANG_WARN_BOOL_CONVERSION = YES;
				CLANG_WARN_CONSTANT_CONVERSION = YES;
				CLANG_WARN_DIRECT_OBJC_ISA_USAGE = YES_ERROR;
				CLANG_WARN_DOCUMENTATION_COMMENTS = YES;
				CLANG_WARN_EMPTY_BODY = YES;
				CLANG_WARN_ENUM_CONVERSION = YES;
				CLANG_WARN_INFINITE_RECURSION = YES;
				CLANG_WARN_INT_CONVERSION = YES;
				CLANG_WARN_OBJC_ROOT_CLASS = YES_ERROR;
				CLANG_WARN_SUSPICIOUS_MOVES = YES;
				CLANG_WARN_UNREACHABLE_CODE = YES;
				CLANG_WARN__DUPLICATE_METHOD_MATCH = YES;
				"CODE_SIGN_IDENTITY[sdk=iphoneos*]" = "iPhone Developer";
				COPY_PHASE_STRIP = NO;
				DEBUG_INFORMATION_FORMAT = "dwarf-with-dsym";
				ENABLE_NS_ASSERTIONS = NO;
				ENABLE_STRICT_OBJC_MSGSEND = YES;
				GCC_C_LANGUAGE_STANDARD = gnu99;
				GCC_NO_COMMON_BLOCKS = YES;
				GCC_WARN_64_TO_32_BIT_CONVERSION = YES;
				GCC_WARN_ABOUT_RETURN_TYPE = YES_ERROR;
				GCC_WARN_UNDECLARED_SELECTOR = YES;
				GCC_WARN_UNINITIALIZED_AUTOS = YES_AGGRESSIVE;
				GCC_WARN_UNUSED_FUNCTION = YES;
				GCC_WARN_UNUSED_VARIABLE = YES;
				IPHONEOS_DEPLOYMENT_TARGET = 10.1;
				MTL_ENABLE_DEBUG_INFO = NO;
				SDKROOT = iphoneos;
				VALIDATE_PRODUCT = YES;
			};
			name = Release;
		};
		4EF23B5F1E52EE30000DF4E2 /* Debug */ = {
			isa = XCBuildConfiguration;
			buildSettings = {
				ASSETCATALOG_COMPILER_APPICON_NAME = AppIcon;
				INFOPLIST_FILE = ZZChart/Info.plist;
				LD_RUNPATH_SEARCH_PATHS = "$(inherited) @executable_path/Frameworks";
				PRODUCT_BUNDLE_IDENTIFIER = JZZ.ZZChart;
				PRODUCT_NAME = "$(TARGET_NAME)";
			};
			name = Debug;
		};
		4EF23B601E52EE30000DF4E2 /* Release */ = {
			isa = XCBuildConfiguration;
			buildSettings = {
				ASSETCATALOG_COMPILER_APPICON_NAME = AppIcon;
				INFOPLIST_FILE = ZZChart/Info.plist;
				LD_RUNPATH_SEARCH_PATHS = "$(inherited) @executable_path/Frameworks";
				PRODUCT_BUNDLE_IDENTIFIER = JZZ.ZZChart;
				PRODUCT_NAME = "$(TARGET_NAME)";
			};
			name = Release;
		};
		4EF23B621E52EE30000DF4E2 /* Debug */ = {
			isa = XCBuildConfiguration;
			buildSettings = {
				BUNDLE_LOADER = "$(TEST_HOST)";
				INFOPLIST_FILE = ZZChartTests/Info.plist;
				LD_RUNPATH_SEARCH_PATHS = "$(inherited) @executable_path/Frameworks @loader_path/Frameworks";
				PRODUCT_BUNDLE_IDENTIFIER = JZZ.ZZChartTests;
				PRODUCT_NAME = "$(TARGET_NAME)";
				TEST_HOST = "$(BUILT_PRODUCTS_DIR)/ZZChart.app/ZZChart";
			};
			name = Debug;
		};
		4EF23B631E52EE30000DF4E2 /* Release */ = {
			isa = XCBuildConfiguration;
			buildSettings = {
				BUNDLE_LOADER = "$(TEST_HOST)";
				INFOPLIST_FILE = ZZChartTests/Info.plist;
				LD_RUNPATH_SEARCH_PATHS = "$(inherited) @executable_path/Frameworks @loader_path/Frameworks";
				PRODUCT_BUNDLE_IDENTIFIER = JZZ.ZZChartTests;
				PRODUCT_NAME = "$(TARGET_NAME)";
				TEST_HOST = "$(BUILT_PRODUCTS_DIR)/ZZChart.app/ZZChart";
			};
			name = Release;
		};
		4EF23B651E52EE30000DF4E2 /* Debug */ = {
			isa = XCBuildConfiguration;
			buildSettings = {
				INFOPLIST_FILE = ZZChartUITests/Info.plist;
				LD_RUNPATH_SEARCH_PATHS = "$(inherited) @executable_path/Frameworks @loader_path/Frameworks";
				PRODUCT_BUNDLE_IDENTIFIER = JZZ.ZZChartUITests;
				PRODUCT_NAME = "$(TARGET_NAME)";
				TEST_TARGET_NAME = ZZChart;
			};
			name = Debug;
		};
		4EF23B661E52EE30000DF4E2 /* Release */ = {
			isa = XCBuildConfiguration;
			buildSettings = {
				INFOPLIST_FILE = ZZChartUITests/Info.plist;
				LD_RUNPATH_SEARCH_PATHS = "$(inherited) @executable_path/Frameworks @loader_path/Frameworks";
				PRODUCT_BUNDLE_IDENTIFIER = JZZ.ZZChartUITests;
				PRODUCT_NAME = "$(TARGET_NAME)";
				TEST_TARGET_NAME = ZZChart;
			};
			name = Release;
		};
/* End XCBuildConfiguration section */

/* Begin XCConfigurationList section */
		4EF23B2C1E52EE2F000DF4E2 /* Build configuration list for PBXProject "ZZChart" */ = {
			isa = XCConfigurationList;
			buildConfigurations = (
				4EF23B5C1E52EE30000DF4E2 /* Debug */,
				4EF23B5D1E52EE30000DF4E2 /* Release */,
			);
			defaultConfigurationIsVisible = 0;
			defaultConfigurationName = Release;
		};
		4EF23B5E1E52EE30000DF4E2 /* Build configuration list for PBXNativeTarget "ZZChart" */ = {
			isa = XCConfigurationList;
			buildConfigurations = (
				4EF23B5F1E52EE30000DF4E2 /* Debug */,
				4EF23B601E52EE30000DF4E2 /* Release */,
			);
			defaultConfigurationIsVisible = 0;
		};
		4EF23B611E52EE30000DF4E2 /* Build configuration list for PBXNativeTarget "ZZChartTests" */ = {
			isa = XCConfigurationList;
			buildConfigurations = (
				4EF23B621E52EE30000DF4E2 /* Debug */,
				4EF23B631E52EE30000DF4E2 /* Release */,
			);
			defaultConfigurationIsVisible = 0;
		};
		4EF23B641E52EE30000DF4E2 /* Build configuration list for PBXNativeTarget "ZZChartUITests" */ = {
			isa = XCConfigurationList;
			buildConfigurations = (
				4EF23B651E52EE30000DF4E2 /* Debug */,
				4EF23B661E52EE30000DF4E2 /* Release */,
			);
			defaultConfigurationIsVisible = 0;
		};
/* End XCConfigurationList section */
	};
	rootObject = 4EF23B291E52EE2F000DF4E2 /* Project object */;
}
